// !$*UTF8*$!
{
	archiveVersion = 1;
	classes = {
	};
	objectVersion = 50;
	objects = {

/* Begin PBXBuildFile section */
		E0A0381726EAB06700093DA8 /* AppDelegate.swift in Sources */ = {isa = PBXBuildFile; fileRef = E0A0381626EAB06700093DA8 /* AppDelegate.swift */; };
		E0A0381926EAB06700093DA8 /* SceneDelegate.swift in Sources */ = {isa = PBXBuildFile; fileRef = E0A0381826EAB06700093DA8 /* SceneDelegate.swift */; };
		E0A0381B26EAB06700093DA8 /* ViewController.swift in Sources */ = {isa = PBXBuildFile; fileRef = E0A0381A26EAB06700093DA8 /* ViewController.swift */; };
		E0A0381E26EAB06700093DA8 /* Main.storyboard in Resources */ = {isa = PBXBuildFile; fileRef = E0A0381C26EAB06700093DA8 /* Main.storyboard */; };
		E0A0382026EAB06A00093DA8 /* Assets.xcassets in Resources */ = {isa = PBXBuildFile; fileRef = E0A0381F26EAB06A00093DA8 /* Assets.xcassets */; };
		E0A0382326EAB06A00093DA8 /* LaunchScreen.storyboard in Resources */ = {isa = PBXBuildFile; fileRef = E0A0382126EAB06A00093DA8 /* LaunchScreen.storyboard */; };
		E0A0382E26EAB06A00093DA8 /* PlusMinusTests.swift in Sources */ = {isa = PBXBuildFile; fileRef = E0A0382D26EAB06A00093DA8 /* PlusMinusTests.swift */; };
		E0A0383926EAB06A00093DA8 /* PlusMinusUITests.swift in Sources */ = {isa = PBXBuildFile; fileRef = E0A0383826EAB06A00093DA8 /* PlusMinusUITests.swift */; };
/* End PBXBuildFile section */

/* Begin PBXContainerItemProxy section */
		E0A0382A26EAB06A00093DA8 /* PBXContainerItemProxy */ = {
			isa = PBXContainerItemProxy;
			containerPortal = E0A0380B26EAB06700093DA8 /* Project object */;
			proxyType = 1;
			remoteGlobalIDString = E0A0381226EAB06700093DA8;
			remoteInfo = PlusMinus;
		};
		E0A0383526EAB06A00093DA8 /* PBXContainerItemProxy */ = {
			isa = PBXContainerItemProxy;
			containerPortal = E0A0380B26EAB06700093DA8 /* Project object */;
			proxyType = 1;
			remoteGlobalIDString = E0A0381226EAB06700093DA8;
			remoteInfo = PlusMinus;
		};
/* End PBXContainerItemProxy section */

/* Begin PBXFileReference section */
		E0A0381326EAB06700093DA8 /* PlusMinus.app */ = {isa = PBXFileReference; explicitFileType = wrapper.application; includeInIndex = 0; path = PlusMinus.app; sourceTree = BUILT_PRODUCTS_DIR; };
		E0A0381626EAB06700093DA8 /* AppDelegate.swift */ = {isa = PBXFileReference; lastKnownFileType = sourcecode.swift; path = AppDelegate.swift; sourceTree = "<group>"; };
		E0A0381826EAB06700093DA8 /* SceneDelegate.swift */ = {isa = PBXFileReference; lastKnownFileType = sourcecode.swift; path = SceneDelegate.swift; sourceTree = "<group>"; };
		E0A0381A26EAB06700093DA8 /* ViewController.swift */ = {isa = PBXFileReference; lastKnownFileType = sourcecode.swift; path = ViewController.swift; sourceTree = "<group>"; };
		E0A0381D26EAB06700093DA8 /* Base */ = {isa = PBXFileReference; lastKnownFileType = file.storyboard; name = Base; path = Base.lproj/Main.storyboard; sourceTree = "<group>"; };
		E0A0381F26EAB06A00093DA8 /* Assets.xcassets */ = {isa = PBXFileReference; lastKnownFileType = folder.assetcatalog; path = Assets.xcassets; sourceTree = "<group>"; };
		E0A0382226EAB06A00093DA8 /* Base */ = {isa = PBXFileReference; lastKnownFileType = file.storyboard; name = Base; path = Base.lproj/LaunchScreen.storyboard; sourceTree = "<group>"; };
		E0A0382426EAB06A00093DA8 /* Info.plist */ = {isa = PBXFileReference; lastKnownFileType = text.plist.xml; path = Info.plist; sourceTree = "<group>"; };
		E0A0382926EAB06A00093DA8 /* PlusMinusTests.xctest */ = {isa = PBXFileReference; explicitFileType = wrapper.cfbundle; includeInIndex = 0; path = PlusMinusTests.xctest; sourceTree = BUILT_PRODUCTS_DIR; };
		E0A0382D26EAB06A00093DA8 /* PlusMinusTests.swift */ = {isa = PBXFileReference; lastKnownFileType = sourcecode.swift; path = PlusMinusTests.swift; sourceTree = "<group>"; };
		E0A0382F26EAB06A00093DA8 /* Info.plist */ = {isa = PBXFileReference; lastKnownFileType = text.plist.xml; path = Info.plist; sourceTree = "<group>"; };
		E0A0383426EAB06A00093DA8 /* PlusMinusUITests.xctest */ = {isa = PBXFileReference; explicitFileType = wrapper.cfbundle; includeInIndex = 0; path = PlusMinusUITests.xctest; sourceTree = BUILT_PRODUCTS_DIR; };
		E0A0383826EAB06A00093DA8 /* PlusMinusUITests.swift */ = {isa = PBXFileReference; lastKnownFileType = sourcecode.swift; path = PlusMinusUITests.swift; sourceTree = "<group>"; };
		E0A0383A26EAB06A00093DA8 /* Info.plist */ = {isa = PBXFileReference; lastKnownFileType = text.plist.xml; path = Info.plist; sourceTree = "<group>"; };
/* End PBXFileReference section */

/* Begin PBXFrameworksBuildPhase section */
		E0A0381026EAB06700093DA8 /* Frameworks */ = {
			isa = PBXFrameworksBuildPhase;
			buildActionMask = 2147483647;
			files = (
			);
			runOnlyForDeploymentPostprocessing = 0;
		};
		E0A0382626EAB06A00093DA8 /* Frameworks */ = {
			isa = PBXFrameworksBuildPhase;
			buildActionMask = 2147483647;
			files = (
			);
			runOnlyForDeploymentPostprocessing = 0;
		};
		E0A0383126EAB06A00093DA8 /* Frameworks */ = {
			isa = PBXFrameworksBuildPhase;
			buildActionMask = 2147483647;
			files = (
			);
			runOnlyForDeploymentPostprocessing = 0;
		};
/* End PBXFrameworksBuildPhase section */

/* Begin PBXGroup section */
		E0A0380A26EAB06700093DA8 = {
			isa = PBXGroup;
			children = (
				E0A0381526EAB06700093DA8 /* PlusMinus */,
				E0A0382C26EAB06A00093DA8 /* PlusMinusTests */,
				E0A0383726EAB06A00093DA8 /* PlusMinusUITests */,
				E0A0381426EAB06700093DA8 /* Products */,
			);
			sourceTree = "<group>";
		};
		E0A0381426EAB06700093DA8 /* Products */ = {
			isa = PBXGroup;
			children = (
				E0A0381326EAB06700093DA8 /* PlusMinus.app */,
				E0A0382926EAB06A00093DA8 /* PlusMinusTests.xctest */,
				E0A0383426EAB06A00093DA8 /* PlusMinusUITests.xctest */,
			);
			name = Products;
			sourceTree = "<group>";
		};
		E0A0381526EAB06700093DA8 /* PlusMinus */ = {
			isa = PBXGroup;
			children = (
				E0A0381626EAB06700093DA8 /* AppDelegate.swift */,
				E0A0381826EAB06700093DA8 /* SceneDelegate.swift */,
				E0A0381A26EAB06700093DA8 /* ViewController.swift */,
				E0A0381C26EAB06700093DA8 /* Main.storyboard */,
				E0A0381F26EAB06A00093DA8 /* Assets.xcassets */,
				E0A0382126EAB06A00093DA8 /* LaunchScreen.storyboard */,
				E0A0382426EAB06A00093DA8 /* Info.plist */,
			);
			path = PlusMinus;
			sourceTree = "<group>";
		};
		E0A0382C26EAB06A00093DA8 /* PlusMinusTests */ = {
			isa = PBXGroup;
			children = (
				E0A0382D26EAB06A00093DA8 /* PlusMinusTests.swift */,
				E0A0382F26EAB06A00093DA8 /* Info.plist */,
			);
			path = PlusMinusTests;
			sourceTree = "<group>";
		};
		E0A0383726EAB06A00093DA8 /* PlusMinusUITests */ = {
			isa = PBXGroup;
			children = (
				E0A0383826EAB06A00093DA8 /* PlusMinusUITests.swift */,
				E0A0383A26EAB06A00093DA8 /* Info.plist */,
			);
			path = PlusMinusUITests;
			sourceTree = "<group>";
		};
/* End PBXGroup section */

/* Begin PBXNativeTarget section */
		E0A0381226EAB06700093DA8 /* PlusMinus */ = {
			isa = PBXNativeTarget;
			buildConfigurationList = E0A0383D26EAB06A00093DA8 /* Build configuration list for PBXNativeTarget "PlusMinus" */;
			buildPhases = (
				E0A0380F26EAB06700093DA8 /* Sources */,
				E0A0381026EAB06700093DA8 /* Frameworks */,
				E0A0381126EAB06700093DA8 /* Resources */,
			);
			buildRules = (
			);
			dependencies = (
			);
			name = PlusMinus;
			productName = PlusMinus;
			productReference = E0A0381326EAB06700093DA8 /* PlusMinus.app */;
			productType = "com.apple.product-type.application";
		};
		E0A0382826EAB06A00093DA8 /* PlusMinusTests */ = {
			isa = PBXNativeTarget;
			buildConfigurationList = E0A0384026EAB06A00093DA8 /* Build configuration list for PBXNativeTarget "PlusMinusTests" */;
			buildPhases = (
				E0A0382526EAB06A00093DA8 /* Sources */,
				E0A0382626EAB06A00093DA8 /* Frameworks */,
				E0A0382726EAB06A00093DA8 /* Resources */,
			);
			buildRules = (
			);
			dependencies = (
				E0A0382B26EAB06A00093DA8 /* PBXTargetDependency */,
			);
			name = PlusMinusTests;
			productName = PlusMinusTests;
			productReference = E0A0382926EAB06A00093DA8 /* PlusMinusTests.xctest */;
			productType = "com.apple.product-type.bundle.unit-test";
		};
		E0A0383326EAB06A00093DA8 /* PlusMinusUITests */ = {
			isa = PBXNativeTarget;
			buildConfigurationList = E0A0384326EAB06A00093DA8 /* Build configuration list for PBXNativeTarget "PlusMinusUITests" */;
			buildPhases = (
				E0A0383026EAB06A00093DA8 /* Sources */,
				E0A0383126EAB06A00093DA8 /* Frameworks */,
				E0A0383226EAB06A00093DA8 /* Resources */,
			);
			buildRules = (
			);
			dependencies = (
				E0A0383626EAB06A00093DA8 /* PBXTargetDependency */,
			);
			name = PlusMinusUITests;
			productName = PlusMinusUITests;
			productReference = E0A0383426EAB06A00093DA8 /* PlusMinusUITests.xctest */;
			productType = "com.apple.product-type.bundle.ui-testing";
		};
/* End PBXNativeTarget section */

/* Begin PBXProject section */
		E0A0380B26EAB06700093DA8 /* Project object */ = {
			isa = PBXProject;
			attributes = {
				LastSwiftUpdateCheck = 1240;
				LastUpgradeCheck = 1240;
				TargetAttributes = {
					E0A0381226EAB06700093DA8 = {
						CreatedOnToolsVersion = 12.4;
					};
					E0A0382826EAB06A00093DA8 = {
						CreatedOnToolsVersion = 12.4;
						TestTargetID = E0A0381226EAB06700093DA8;
					};
					E0A0383326EAB06A00093DA8 = {
						CreatedOnToolsVersion = 12.4;
						TestTargetID = E0A0381226EAB06700093DA8;
					};
				};
			};
			buildConfigurationList = E0A0380E26EAB06700093DA8 /* Build configuration list for PBXProject "PlusMinus" */;
			compatibilityVersion = "Xcode 9.3";
			developmentRegion = en;
			hasScannedForEncodings = 0;
			knownRegions = (
				en,
				Base,
			);
			mainGroup = E0A0380A26EAB06700093DA8;
			productRefGroup = E0A0381426EAB06700093DA8 /* Products */;
			projectDirPath = "";
			projectRoot = "";
			targets = (
				E0A0381226EAB06700093DA8 /* PlusMinus */,
				E0A0382826EAB06A00093DA8 /* PlusMinusTests */,
				E0A0383326EAB06A00093DA8 /* PlusMinusUITests */,
			);
		};
/* End PBXProject section */

/* Begin PBXResourcesBuildPhase section */
		E0A0381126EAB06700093DA8 /* Resources */ = {
			isa = PBXResourcesBuildPhase;
			buildActionMask = 2147483647;
			files = (
				E0A0382326EAB06A00093DA8 /* LaunchScreen.storyboard in Resources */,
				E0A0382026EAB06A00093DA8 /* Assets.xcassets in Resources */,
				E0A0381E26EAB06700093DA8 /* Main.storyboard in Resources */,
			);
			runOnlyForDeploymentPostprocessing = 0;
		};
		E0A0382726EAB06A00093DA8 /* Resources */ = {
			isa = PBXResourcesBuildPhase;
			buildActionMask = 2147483647;
			files = (
			);
			runOnlyForDeploymentPostprocessing = 0;
		};
		E0A0383226EAB06A00093DA8 /* Resources */ = {
			isa = PBXResourcesBuildPhase;
			buildActionMask = 2147483647;
			files = (
			);
			runOnlyForDeploymentPostprocessing = 0;
		};
/* End PBXResourcesBuildPhase section */

/* Begin PBXSourcesBuildPhase section */
		E0A0380F26EAB06700093DA8 /* Sources */ = {
			isa = PBXSourcesBuildPhase;
			buildActionMask = 2147483647;
			files = (
				E0A0381B26EAB06700093DA8 /* ViewController.swift in Sources */,
				E0A0381726EAB06700093DA8 /* AppDelegate.swift in Sources */,
				E0A0381926EAB06700093DA8 /* SceneDelegate.swift in Sources */,
			);
			runOnlyForDeploymentPostprocessing = 0;
		};
		E0A0382526EAB06A00093DA8 /* Sources */ = {
			isa = PBXSourcesBuildPhase;
			buildActionMask = 2147483647;
			files = (
				E0A0382E26EAB06A00093DA8 /* PlusMinusTests.swift in Sources */,
			);
			runOnlyForDeploymentPostprocessing = 0;
		};
		E0A0383026EAB06A00093DA8 /* Sources */ = {
			isa = PBXSourcesBuildPhase;
			buildActionMask = 2147483647;
			files = (
				E0A0383926EAB06A00093DA8 /* PlusMinusUITests.swift in Sources */,
			);
			runOnlyForDeploymentPostprocessing = 0;
		};
/* End PBXSourcesBuildPhase section */

/* Begin PBXTargetDependency section */
		E0A0382B26EAB06A00093DA8 /* PBXTargetDependency */ = {
			isa = PBXTargetDependency;
			target = E0A0381226EAB06700093DA8 /* PlusMinus */;
			targetProxy = E0A0382A26EAB06A00093DA8 /* PBXContainerItemProxy */;
		};
		E0A0383626EAB06A00093DA8 /* PBXTargetDependency */ = {
			isa = PBXTargetDependency;
			target = E0A0381226EAB06700093DA8 /* PlusMinus */;
			targetProxy = E0A0383526EAB06A00093DA8 /* PBXContainerItemProxy */;
		};
/* End PBXTargetDependency section */

/* Begin PBXVariantGroup section */
		E0A0381C26EAB06700093DA8 /* Main.storyboard */ = {
			isa = PBXVariantGroup;
			children = (
				E0A0381D26EAB06700093DA8 /* Base */,
			);
			name = Main.storyboard;
			sourceTree = "<group>";
		};
		E0A0382126EAB06A00093DA8 /* LaunchScreen.storyboard */ = {
			isa = PBXVariantGroup;
			children = (
				E0A0382226EAB06A00093DA8 /* Base */,
			);
			name = LaunchScreen.storyboard;
			sourceTree = "<group>";
		};
/* End PBXVariantGroup section */

/* Begin XCBuildConfiguration section */
		E0A0383B26EAB06A00093DA8 /* Debug */ = {
			isa = XCBuildConfiguration;
			buildSettings = {
				ALWAYS_SEARCH_USER_PATHS = NO;
				CLANG_ANALYZER_NONNULL = YES;
				CLANG_ANALYZER_NUMBER_OBJECT_CONVERSION = YES_AGGRESSIVE;
				CLANG_CXX_LANGUAGE_STANDARD = "gnu++14";
				CLANG_CXX_LIBRARY = "libc++";
				CLANG_ENABLE_MODULES = YES;
				CLANG_ENABLE_OBJC_ARC = YES;
				CLANG_ENABLE_OBJC_WEAK = YES;
				CLANG_WARN_BLOCK_CAPTURE_AUTORELEASING = YES;
				CLANG_WARN_BOOL_CONVERSION = YES;
				CLANG_WARN_COMMA = YES;
				CLANG_WARN_CONSTANT_CONVERSION = YES;
				CLANG_WARN_DEPRECATED_OBJC_IMPLEMENTATIONS = YES;
				CLANG_WARN_DIRECT_OBJC_ISA_USAGE = YES_ERROR;
				CLANG_WARN_DOCUMENTATION_COMMENTS = YES;
				CLANG_WARN_EMPTY_BODY = YES;
				CLANG_WARN_ENUM_CONVERSION = YES;
				CLANG_WARN_INFINITE_RECURSION = YES;
				CLANG_WARN_INT_CONVERSION = YES;
				CLANG_WARN_NON_LITERAL_NULL_CONVERSION = YES;
				CLANG_WARN_OBJC_IMPLICIT_RETAIN_SELF = YES;
				CLANG_WARN_OBJC_LITERAL_CONVERSION = YES;
				CLANG_WARN_OBJC_ROOT_CLASS = YES_ERROR;
				CLANG_WARN_QUOTED_INCLUDE_IN_FRAMEWORK_HEADER = YES;
				CLANG_WARN_RANGE_LOOP_ANALYSIS = YES;
				CLANG_WARN_STRICT_PROTOTYPES = YES;
				CLANG_WARN_SUSPICIOUS_MOVE = YES;
				CLANG_WARN_UNGUARDED_AVAILABILITY = YES_AGGRESSIVE;
				CLANG_WARN_UNREACHABLE_CODE = YES;
				CLANG_WARN__DUPLICATE_METHOD_MATCH = YES;
				COPY_PHASE_STRIP = NO;
				DEBUG_INFORMATION_FORMAT = dwarf;
				ENABLE_STRICT_OBJC_MSGSEND = YES;
				ENABLE_TESTABILITY = YES;
				GCC_C_LANGUAGE_STANDARD = gnu11;
				GCC_DYNAMIC_NO_PIC = NO;
				GCC_NO_COMMON_BLOCKS = YES;
				GCC_OPTIMIZATION_LEVEL = 0;
				GCC_PREPROCESSOR_DEFINITIONS = (
					"DEBUG=1",
					"$(inherited)",
				);
				GCC_WARN_64_TO_32_BIT_CONVERSION = YES;
				GCC_WARN_ABOUT_RETURN_TYPE = YES_ERROR;
				GCC_WARN_UNDECLARED_SELECTOR = YES;
				GCC_WARN_UNINITIALIZED_AUTOS = YES_AGGRESSIVE;
				GCC_WARN_UNUSED_FUNCTION = YES;
				GCC_WARN_UNUSED_VARIABLE = YES;
				IPHONEOS_DEPLOYMENT_TARGET = 14.4;
				MTL_ENABLE_DEBUG_INFO = INCLUDE_SOURCE;
				MTL_FAST_MATH = YES;
				ONLY_ACTIVE_ARCH = YES;
				SDKROOT = iphoneos;
				SWIFT_ACTIVE_COMPILATION_CONDITIONS = DEBUG;
				SWIFT_OPTIMIZATION_LEVEL = "-Onone";
			};
			name = Debug;
		};
		E0A0383C26EAB06A00093DA8 /* Release */ = {
			isa = XCBuildConfiguration;
			buildSettings = {
				ALWAYS_SEARCH_USER_PATHS = NO;
				CLANG_ANALYZER_NONNULL = YES;
				CLANG_ANALYZER_NUMBER_OBJECT_CONVERSION = YES_AGGRESSIVE;
				CLANG_CXX_LANGUAGE_STANDARD = "gnu++14";
				CLANG_CXX_LIBRARY = "libc++";
				CLANG_ENABLE_MODULES = YES;
				CLANG_ENABLE_OBJC_ARC = YES;
				CLANG_ENABLE_OBJC_WEAK = YES;
				CLANG_WARN_BLOCK_CAPTURE_AUTORELEASING = YES;
				CLANG_WARN_BOOL_CONVERSION = YES;
				CLANG_WARN_COMMA = YES;
				CLANG_WARN_CONSTANT_CONVERSION = YES;
				CLANG_WARN_DEPRECATED_OBJC_IMPLEMENTATIONS = YES;
				CLANG_WARN_DIRECT_OBJC_ISA_USAGE = YES_ERROR;
				CLANG_WARN_DOCUMENTATION_COMMENTS = YES;
				CLANG_WARN_EMPTY_BODY = YES;
				CLANG_WARN_ENUM_CONVERSION = YES;
				CLANG_WARN_INFINITE_RECURSION = YES;
				CLANG_WARN_INT_CONVERSION = YES;
				CLANG_WARN_NON_LITERAL_NULL_CONVERSION = YES;
				CLANG_WARN_OBJC_IMPLICIT_RETAIN_SELF = YES;
				CLANG_WARN_OBJC_LITERAL_CONVERSION = YES;
				CLANG_WARN_OBJC_ROOT_CLASS = YES_ERROR;
				CLANG_WARN_QUOTED_INCLUDE_IN_FRAMEWORK_HEADER = YES;
				CLANG_WARN_RANGE_LOOP_ANALYSIS = YES;
				CLANG_WARN_STRICT_PROTOTYPES = YES;
				CLANG_WARN_SUSPICIOUS_MOVE = YES;
				CLANG_WARN_UNGUARDED_AVAILABILITY = YES_AGGRESSIVE;
				CLANG_WARN_UNREACHABLE_CODE = YES;
				CLANG_WARN__DUPLICATE_METHOD_MATCH = YES;
				COPY_PHASE_STRIP = NO;
				DEBUG_INFORMATION_FORMAT = "dwarf-with-dsym";
				ENABLE_NS_ASSERTIONS = NO;
				ENABLE_STRICT_OBJC_MSGSEND = YES;
				GCC_C_LANGUAGE_STANDARD = gnu11;
				GCC_NO_COMMON_BLOCKS = YES;
				GCC_WARN_64_TO_32_BIT_CONVERSION = YES;
				GCC_WARN_ABOUT_RETURN_TYPE = YES_ERROR;
				GCC_WARN_UNDECLARED_SELECTOR = YES;
				GCC_WARN_UNINITIALIZED_AUTOS = YES_AGGRESSIVE;
				GCC_WARN_UNUSED_FUNCTION = YES;
				GCC_WARN_UNUSED_VARIABLE = YES;
				IPHONEOS_DEPLOYMENT_TARGET = 14.4;
				MTL_ENABLE_DEBUG_INFO = NO;
				MTL_FAST_MATH = YES;
				SDKROOT = iphoneos;
				SWIFT_COMPILATION_MODE = wholemodule;
				SWIFT_OPTIMIZATION_LEVEL = "-O";
				VALIDATE_PRODUCT = YES;
			};
			name = Release;
		};
		E0A0383E26EAB06A00093DA8 /* Debug */ = {
			isa = XCBuildConfiguration;
			buildSettings = {
				ASSETCATALOG_COMPILER_APPICON_NAME = AppIcon;
				ASSETCATALOG_COMPILER_GLOBAL_ACCENT_COLOR_NAME = AccentColor;
				CODE_SIGN_STYLE = Automatic;
				INFOPLIST_FILE = PlusMinus/Info.plist;
				LD_RUNPATH_SEARCH_PATHS = (
					"$(inherited)",
					"@executable_path/Frameworks",
				);
				PRODUCT_BUNDLE_IDENTIFIER = uvm.PlusMinus;
				PRODUCT_NAME = "$(TARGET_NAME)";
				SWIFT_VERSION = 5.0;
				TARGETED_DEVICE_FAMILY = "1,2";
			};
			name = Debug;
		};
		E0A0383F26EAB06A00093DA8 /* Release */ = {
			isa = XCBuildConfiguration;
			buildSettings = {
				ASSETCATALOG_COMPILER_APPICON_NAME = AppIcon;
				ASSETCATALOG_COMPILER_GLOBAL_ACCENT_COLOR_NAME = AccentColor;
				CODE_SIGN_STYLE = Automatic;
				INFOPLIST_FILE = PlusMinus/Info.plist;
				LD_RUNPATH_SEARCH_PATHS = (
					"$(inherited)",
					"@executable_path/Frameworks",
				);
				PRODUCT_BUNDLE_IDENTIFIER = uvm.PlusMinus;
				PRODUCT_NAME = "$(TARGET_NAME)";
				SWIFT_VERSION = 5.0;
				TARGETED_DEVICE_FAMILY = "1,2";
			};
			name = Release;
		};
		E0A0384126EAB06A00093DA8 /* Debug */ = {
			isa = XCBuildConfiguration;
			buildSettings = {
				ALWAYS_EMBED_SWIFT_STANDARD_LIBRARIES = YES;
				BUNDLE_LOADER = "$(TEST_HOST)";
				CODE_SIGN_STYLE = Automatic;
				INFOPLIST_FILE = PlusMinusTests/Info.plist;
				IPHONEOS_DEPLOYMENT_TARGET = 14.4;
				LD_RUNPATH_SEARCH_PATHS = (
					"$(inherited)",
					"@executable_path/Frameworks",
					"@loader_path/Frameworks",
				);
				PRODUCT_BUNDLE_IDENTIFIER = uvm.PlusMinusTests;
				PRODUCT_NAME = "$(TARGET_NAME)";
				SWIFT_VERSION = 5.0;
				TARGETED_DEVICE_FAMILY = "1,2";
				TEST_HOST = "$(BUILT_PRODUCTS_DIR)/PlusMinus.app/PlusMinus";
			};
			name = Debug;
		};
		E0A0384226EAB06A00093DA8 /* Release */ = {
			isa = XCBuildConfiguration;
			buildSettings = {
				ALWAYS_EMBED_SWIFT_STANDARD_LIBRARIES = YES;
				BUNDLE_LOADER = "$(TEST_HOST)";
				CODE_SIGN_STYLE = Automatic;
				INFOPLIST_FILE = PlusMinusTests/Info.plist;
				IPHONEOS_DEPLOYMENT_TARGET = 14.4;
				LD_RUNPATH_SEARCH_PATHS = (
					"$(inherited)",
					"@executable_path/Frameworks",
					"@loader_path/Frameworks",
				);
				PRODUCT_BUNDLE_IDENTIFIER = uvm.PlusMinusTests;
				PRODUCT_NAME = "$(TARGET_NAME)";
				SWIFT_VERSION = 5.0;
				TARGETED_DEVICE_FAMILY = "1,2";
				TEST_HOST = "$(BUILT_PRODUCTS_DIR)/PlusMinus.app/PlusMinus";
			};
			name = Release;
		};
		E0A0384426EAB06A00093DA8 /* Debug */ = {
			isa = XCBuildConfiguration;
			buildSettings = {
				ALWAYS_EMBED_SWIFT_STANDARD_LIBRARIES = YES;
				CODE_SIGN_STYLE = Automatic;
				INFOPLIST_FILE = PlusMinusUITests/Info.plist;
				LD_RUNPATH_SEARCH_PATHS = (
					"$(inherited)",
					"@executable_path/Frameworks",
					"@loader_path/Frameworks",
				);
				PRODUCT_BUNDLE_IDENTIFIER = uvm.PlusMinusUITests;
				PRODUCT_NAME = "$(TARGET_NAME)";
				SWIFT_VERSION = 5.0;
				TARGETED_DEVICE_FAMILY = "1,2";
				TEST_TARGET_NAME = PlusMinus;
			};
			name = Debug;
		};
		E0A0384526EAB06A00093DA8 /* Release */ = {
			isa = XCBuildConfiguration;
			buildSettings = {
				ALWAYS_EMBED_SWIFT_STANDARD_LIBRARIES = YES;
				CODE_SIGN_STYLE = Automatic;
				INFOPLIST_FILE = PlusMinusUITests/Info.plist;
				LD_RUNPATH_SEARCH_PATHS = (
					"$(inherited)",
					"@executable_path/Frameworks",
					"@loader_path/Frameworks",
				);
				PRODUCT_BUNDLE_IDENTIFIER = uvm.PlusMinusUITests;
				PRODUCT_NAME = "$(TARGET_NAME)";
				SWIFT_VERSION = 5.0;
				TARGETED_DEVICE_FAMILY = "1,2";
				TEST_TARGET_NAME = PlusMinus;
			};
			name = Release;
		};
/* End XCBuildConfiguration section */

/* Begin XCConfigurationList section */
		E0A0380E26EAB06700093DA8 /* Build configuration list for PBXProject "PlusMinus" */ = {
			isa = XCConfigurationList;
			buildConfigurations = (
				E0A0383B26EAB06A00093DA8 /* Debug */,
				E0A0383C26EAB06A00093DA8 /* Release */,
			);
			defaultConfigurationIsVisible = 0;
			defaultConfigurationName = Release;
		};
		E0A0383D26EAB06A00093DA8 /* Build configuration list for PBXNativeTarget "PlusMinus" */ = {
			isa = XCConfigurationList;
			buildConfigurations = (
				E0A0383E26EAB06A00093DA8 /* Debug */,
				E0A0383F26EAB06A00093DA8 /* Release */,
			);
			defaultConfigurationIsVisible = 0;
			defaultConfigurationName = Release;
		};
		E0A0384026EAB06A00093DA8 /* Build configuration list for PBXNativeTarget "PlusMinusTests" */ = {
			isa = XCConfigurationList;
			buildConfigurations = (
				E0A0384126EAB06A00093DA8 /* Debug */,
				E0A0384226EAB06A00093DA8 /* Release */,
			);
			defaultConfigurationIsVisible = 0;
			defaultConfigurationName = Release;
		};
		E0A0384326EAB06A00093DA8 /* Build configuration list for PBXNativeTarget "PlusMinusUITests" */ = {
			isa = XCConfigurationList;
			buildConfigurations = (
				E0A0384426EAB06A00093DA8 /* Debug */,
				E0A0384526EAB06A00093DA8 /* Release */,
			);
			defaultConfigurationIsVisible = 0;
			defaultConfigurationName = Release;
		};
/* End XCConfigurationList section */
	};
	rootObject = E0A0380B26EAB06700093DA8 /* Project object */;
}
